<Solution>
  <Project type="crossplat" Path="src/ISMA.App/ISMA.App.csproj" />
  <Project Path="src/ISMA.Domain/ISMA.Domain.csproj" />
  <Project Path="src/ISMA.Infrastructure/ISMA.Infrastructure.csproj" />
  <Project Path="src/ISMA.ViewModels/ISMA.ViewModels.csproj" />
  <Project Path="tests/ISMA.Tests/ISMA.Tests.csproj" />
  <Project Path="tests/ISMA.Tests.Integration/ISMA.Tests.Integration.csproj" />
</Solution>
